{
  "name": "@mir-stream/openclaw-prompt-compat",
  "version": "0.1.0",
  "lockfileVersion": 3,
  "requires": true,
  "packages": {
    "": {
      "name": "@mir-stream/openclaw-prompt-compat",
      "version": "0.1.0",
      "license": "MIT",
      "devDependencies": {
        "typescript": "6.0.3"
      },
      "engines": {
        "node": ">=22.22.3 <23 || >=24.15.0 <25 || >=25.9.0"
      },
      "peerDependencies": {
        "openclaw": ">=2026.7.1"
      },
      "peerDependenciesMeta": {
        "openclaw": {
          "optional": true
        }
      }
    },
    "node_modules/typescript": {
      "version": "6.0.3",
      "resolved": "https://registry.npmjs.org/typescript/-/typescript-6.0.3.tgz",
      "integrity": "sha512-y2TvuxSZPDyQakkFRPZHKFm+KKVqIisdg9/CZwm9ftvKXLP8NRWj38/ODjNbr43SsoXqNuAisEf1GdCxqWcdBw==",
      "dev": true,
      "license": "Apache-2.0",
      "bin": {
        "tsc": "bin/tsc",
        "tsserver": "bin/tsserver"
      },
      "engines": {
        "node": ">=14.17"
      }
    }
  }
}
